PODS:
  - Expecta (1.0.5)
  - J2ObjC-Pod (2.2):
    - J2ObjC-Pod/lib/all (= 2.2)
  - J2ObjC-Pod/lib/all (2.2):
    - J2ObjC-Pod/lib/javax_inject
    - J2ObjC-Pod/lib/jre
  - J2ObjC-Pod/lib/javax_inject (2.2):
    - J2ObjC-Pod/lib/jre
  - J2ObjC-Pod/lib/jre (2.2)
  - Specta (1.0.5)

DEPENDENCIES:
  - Expecta
  - J2ObjC-Pod (from `../`)
  - Specta

SPEC REPOS:
  https://github.com/cocoapods/specs.git:
    - Expecta
    - Specta

EXTERNAL SOURCES:
  J2ObjC-Pod:
    :path: "../"

SPEC CHECKSUMS:
  Expecta: e1c022fcd33910b6be89c291d2775b3fe27a89fe
  J2ObjC-Pod: 10830f153c2ba15943bf9594f7f13613a835489c
  Specta: ac94d110b865115fe60ff2c6d7281053c6f8e8a2

PODFILE CHECKSUM: 688e2ce453995d48fa500b0eb87890f03e3ae913

COCOAPODS: 1.6.0.beta.1
