PODS:
  - J2ObjC-Pod (2.2):
    - J2ObjC-Pod/lib/all (= 2.2)
  - J2ObjC-Pod/lib/all (2.2):
    - J2ObjC-Pod/lib/javax_inject
    - J2ObjC-Pod/lib/jre
  - J2ObjC-Pod/lib/javax_inject (2.2):
    - J2ObjC-Pod/lib/jre
  - J2ObjC-Pod/lib/jre (2.2)

DEPENDENCIES:
  - J2ObjC-Pod (from `../`)

EXTERNAL SOURCES:
  J2ObjC-Pod:
    :path: "../"

SPEC CHECKSUMS:
  J2ObjC-Pod: 10830f153c2ba15943bf9594f7f13613a835489c

PODFILE CHECKSUM: 01c11d21f8c88ee48a26e27a0cf94af0427d9cb5

COCOAPODS: 1.5.3
